
Microsoft Visual Studio Solution File, Format Version 12.00
# Visual Studio Version 17
VisualStudioVersion = 17.8.34330.188
MinimumVisualStudioVersion = 10.0.40219.1
Project("{FAE04EC0-301F-11D3-BF4B-00C04F79EFBC}") = "Log_In", "Log_In\Log_In.csproj", "{101EEB8D-AAAA-4422-A537-3E38A68AE715}"
EndProject
Global
	GlobalSection(SolutionConfigurationPlatforms) = preSolution
		Debug|Any CPU = Debug|Any CPU
		Release|Any CPU = Release|Any CPU
	EndGlobalSection
	GlobalSection(ProjectConfigurationPlatforms) = postSolution
		{101EEB8D-AAAA-4422-A537-3E38A68AE715}.Debug|Any CPU.ActiveCfg = Debug|Any CPU
		{101EEB8D-AAAA-4422-A537-3E38A68AE715}.Debug|Any CPU.Build.0 = Debug|Any CPU
		{101EEB8D-AAAA-4422-A537-3E38A68AE715}.Release|Any CPU.ActiveCfg = Release|Any CPU
		{101EEB8D-AAAA-4422-A537-3E38A68AE715}.Release|Any CPU.Build.0 = Release|Any CPU
	EndGlobalSection
	GlobalSection(SolutionProperties) = preSolution
		HideSolutionNode = FALSE
	EndGlobalSection
	GlobalSection(ExtensibilityGlobals) = postSolution
		SolutionGuid = {AEE390B1-8933-4553-B620-277D2A4E7D94}
	EndGlobalSection
EndGlobal
